
Microsoft Visual Studio Solution File, Format Version 12.00
# Visual Studio 15
VisualStudioVersion = 15.0.28307.1525
MinimumVisualStudioVersion = 10.0.40219.1
Project("{FAE04EC0-301F-11D3-BF4B-00C04F79EFBC}") = "SimpleService", "SimpleService\SimpleService.csproj", "{AD262FA8-E303-40D9-96AD-026741392445}"
EndProject
Global
	GlobalSection(SolutionConfigurationPlatforms) = preSolution
		Debug|Any CPU = Debug|Any CPU
		Release|Any CPU = Release|Any CPU
	EndGlobalSection
	GlobalSection(ProjectConfigurationPlatforms) = postSolution
		{AD262FA8-E303-40D9-96AD-026741392445}.Debug|Any CPU.ActiveCfg = Debug|Any CPU
		{AD262FA8-E303-40D9-96AD-026741392445}.Debug|Any CPU.Build.0 = Debug|Any CPU
		{AD262FA8-E303-40D9-96AD-026741392445}.Release|Any CPU.ActiveCfg = Release|Any CPU
		{AD262FA8-E303-40D9-96AD-026741392445}.Release|Any CPU.Build.0 = Release|Any CPU
	EndGlobalSection
	GlobalSection(SolutionProperties) = preSolution
		HideSolutionNode = FALSE
	EndGlobalSection
	GlobalSection(ExtensibilityGlobals) = postSolution
		SolutionGuid = {540E15A3-AAFD-4A4F-96A4-7FF8500459D8}
	EndGlobalSection
EndGlobal
